<?xml version="1.0" encoding="utf-8"?>
<Project ToolsVersion="4.0" xmlns="http://schemas.microsoft.com/developer/msbuild/2003">
  <ItemGroup>
    <Filter Include="Header Files">
      <UniqueIdentifier>{93995380-89BD-4B04-88EB-625FBE52EBFB}</UniqueIdentifier>
      <Extensions>h;hh;hpp;hxx;hm;inl;inc;ipp;xsd</Extensions>
    </Filter>
    <Filter Include="Source Files">
      <UniqueIdentifier>{4FC737F1-C7A5-4376-A066-2A32D752A2FF}</UniqueIdentifier>
      <Extensions>cpp;c;cc;cxx;c++;def;odl;idl;hpj;bat;asm;asmx</Extensions>
    </Filter>
    <Filter Include="Header Files\api">
      <UniqueIdentifier>{97AFEF2E-8AE0-47EF-924A-9E6D2F640001}</UniqueIdentifier>
    </Filter>
    <Filter Include="Header Files\input">
      <UniqueIdentifier>{97AFEF2E-8AE0-47EF-924A-9E6D2F640002}</UniqueIdentifier>
    </Filter>
    <Filter Include="Source Files\api">
      <UniqueIdentifier>{97AFEF2E-8AE0-47EF-924A-9E6D2F640003}</UniqueIdentifier>
    </Filter>
    <Filter Include="Source Files\input">
      <UniqueIdentifier>{97AFEF2E-8AE0-47EF-924A-9E6D2F640004}</UniqueIdentifier>
    </Filter>
  </ItemGroup>
  <ItemGroup>
    <ClInclude Include="api\InputBoxApi.h">
      <Filter>Header Files\api</Filter>
    </ClInclude>
    <ClInclude Include="input\FeaturePager.h">
      <Filter>Header Files\input</Filter>
    </ClInclude>
    <ClInclude Include="input\InputHistory.h">
      <Filter>Header Files\input</Filter>
    </ClInclude>
    <ClInclude Include="input\InputBoxHost.h">
      <Filter>Header Files\input</Filter>
    </ClInclude>
    <ClInclude Include="input\NativeConfigurationSanitizer.h">
      <Filter>Header Files\input</Filter>
    </ClInclude>
  </ItemGroup>
  <ItemGroup>
    <ClCompile Include="api\InputBoxExports.cpp">
      <Filter>Source Files\api</Filter>
    </ClCompile>
    <ClCompile Include="input\FeaturePager.cpp">
      <Filter>Source Files\input</Filter>
    </ClCompile>
    <ClCompile Include="input\InputHistory.cpp">
      <Filter>Source Files\input</Filter>
    </ClCompile>
    <ClCompile Include="input\InputBoxHost.cpp">
      <Filter>Source Files\input</Filter>
    </ClCompile>
    <ClCompile Include="input\NativeConfigurationSanitizer.cpp">
      <Filter>Source Files\input</Filter>
    </ClCompile>
  </ItemGroup>
</Project>
