<?xml version="1.0" encoding="utf-8"?>
<Project ToolsVersion="4.0" xmlns="http://schemas.microsoft.com/developer/msbuild/2003">
  <ItemGroup>
    <Filter Include="Header Files">
      <UniqueIdentifier>{93995380-89BD-4B04-88EB-625FBE52EBFB}</UniqueIdentifier>
      <Extensions>h;hh;hpp;hxx;hm;inl;inc;ipp;xsd</Extensions>
    </Filter>
    <Filter Include="Source Files">
      <UniqueIdentifier>{4FC737F1-C7A5-4376-A066-2A32D752A2FF}</UniqueIdentifier>
      <Extensions>cpp;c;cc;cxx;c++;def;odl;idl;hpj;bat;asm;asmx</Extensions>
    </Filter>
    <Filter Include="Header Files\api">
      <UniqueIdentifier>{97AFEF2E-8AE0-47EF-924A-9E6D2F640001}</UniqueIdentifier>
    </Filter>
    <Filter Include="Header Files\configuration">
      <UniqueIdentifier>{97AFEF2E-8AE0-47EF-924A-9E6D2F64000B}</UniqueIdentifier>
    </Filter>
    <Filter Include="Header Files\host">
      <UniqueIdentifier>{97AFEF2E-8AE0-47EF-924A-9E6D2F640005}</UniqueIdentifier>
    </Filter>
    <Filter Include="Header Files\rendering">
      <UniqueIdentifier>{97AFEF2E-8AE0-47EF-924A-9E6D2F640006}</UniqueIdentifier>
    </Filter>
    <Filter Include="Header Files\windows">
      <UniqueIdentifier>{97AFEF2E-8AE0-47EF-924A-9E6D2F640007}</UniqueIdentifier>
    </Filter>
    <Filter Include="Source Files\api">
      <UniqueIdentifier>{97AFEF2E-8AE0-47EF-924A-9E6D2F640003}</UniqueIdentifier>
    </Filter>
    <Filter Include="Source Files\configuration">
      <UniqueIdentifier>{97AFEF2E-8AE0-47EF-924A-9E6D2F64000C}</UniqueIdentifier>
    </Filter>
    <Filter Include="Source Files\host">
      <UniqueIdentifier>{97AFEF2E-8AE0-47EF-924A-9E6D2F640008}</UniqueIdentifier>
    </Filter>
    <Filter Include="Source Files\rendering">
      <UniqueIdentifier>{97AFEF2E-8AE0-47EF-924A-9E6D2F640009}</UniqueIdentifier>
    </Filter>
    <Filter Include="Source Files\windows">
      <UniqueIdentifier>{97AFEF2E-8AE0-47EF-924A-9E6D2F64000A}</UniqueIdentifier>
    </Filter>
  </ItemGroup>
  <ItemGroup>
    <ClInclude Include="api\InputBoxApi.h">
      <Filter>Header Files\api</Filter>
    </ClInclude>
    <ClInclude Include="configuration\NativeConfigurationSanitizer.h">
      <Filter>Header Files\configuration</Filter>
    </ClInclude>
    <ClInclude Include="rendering\InputBoxAnimator.h">
      <Filter>Header Files\rendering</Filter>
    </ClInclude>
    <ClInclude Include="host\NativeShellHost.h">
      <Filter>Header Files\host</Filter>
    </ClInclude>
    <ClInclude Include="rendering\LayeredWindowSurface.h">
      <Filter>Header Files\rendering</Filter>
    </ClInclude>
    <ClInclude Include="rendering\ShellIconLoader.h">
      <Filter>Header Files\rendering</Filter>
    </ClInclude>
    <ClInclude Include="rendering\SurfaceShadowWindow.h">
      <Filter>Header Files\rendering</Filter>
    </ClInclude>
    <ClInclude Include="rendering\SurfaceStyleDefaults.h">
      <Filter>Header Files\rendering</Filter>
    </ClInclude>
    <ClInclude Include="windows\InputWindow.h">
      <Filter>Header Files\windows</Filter>
    </ClInclude>
    <ClInclude Include="windows\InputModeBehavior.h">
      <Filter>Header Files\windows</Filter>
    </ClInclude>
    <ClInclude Include="windows\CandidateActionPresentation.h">
      <Filter>Header Files\windows</Filter>
    </ClInclude>
    <ClInclude Include="windows\QuickActionsWindow.h">
      <Filter>Header Files\windows</Filter>
    </ClInclude>
    <ClInclude Include="windows\MessageQueueWindow.h">
      <Filter>Header Files\windows</Filter>
    </ClInclude>
    <ClInclude Include="windows\MessageQueueEntry.h">
      <Filter>Header Files\windows</Filter>
    </ClInclude>
  </ItemGroup>
  <ItemGroup>
    <ClCompile Include="api\InputBoxExports.cpp">
      <Filter>Source Files\api</Filter>
    </ClCompile>
    <ClCompile Include="configuration\NativeConfigurationSanitizer.cpp">
      <Filter>Source Files\configuration</Filter>
    </ClCompile>
    <ClCompile Include="rendering\InputBoxAnimator.cpp">
      <Filter>Source Files\rendering</Filter>
    </ClCompile>
    <ClCompile Include="host\NativeShellHost.cpp">
      <Filter>Source Files\host</Filter>
    </ClCompile>
    <ClCompile Include="rendering\LayeredWindowSurface.cpp">
      <Filter>Source Files\rendering</Filter>
    </ClCompile>
    <ClCompile Include="rendering\ShellIconLoader.cpp">
      <Filter>Source Files\rendering</Filter>
    </ClCompile>
    <ClCompile Include="rendering\SurfaceShadowWindow.cpp">
      <Filter>Source Files\rendering</Filter>
    </ClCompile>
    <ClCompile Include="windows\InputWindow.cpp">
      <Filter>Source Files\windows</Filter>
    </ClCompile>
    <ClCompile Include="windows\QuickActionsWindow.cpp">
      <Filter>Source Files\windows</Filter>
    </ClCompile>
    <ClCompile Include="windows\MessageQueueWindow.cpp">
      <Filter>Source Files\windows</Filter>
    </ClCompile>
  </ItemGroup>
</Project>
