<Solution>
  <Project Path="src/LuvLetter.Core/LuvLetter.Core.csproj" />
  <Project Path="src/LuvLetter.Native/LuvLetter.Native.vcxproj" Id="dbab9404-5805-db04-b489-7cebc616287a" />
  <Project Path="src/LuvLetter/LuvLetter.csproj" />
  <Project Path="tests/LuvLetter.Core.Tests/LuvLetter.Core.Tests.csproj" />
  <Project Path="tests/LuvLetter.Native.Tests/LuvLetter.Native.Tests.vcxproj" Id="815538f8-c658-4d11-b4a9-d14cc8629b9e" />
</Solution>
